PODS:
  - boost (1.76.0)
  - BVLinearGradient (2.5.6):
    - React
  - DoubleConversion (1.1.6)
  - FBLazyVector (0.67.3)
  - FBReactNativeSpec (0.67.3):
    - RCT-Folly (= 2021.06.28.00-v2)
    - RCTRequired (= 0.67.3)
    - RCTTypeSafety (= 0.67.3)
    - React-Core (= 0.67.3)
    - React-jsi (= 0.67.3)
    - ReactCommon/turbomodule/core (= 0.67.3)
  - Firebase/CoreOnly (8.11.0):
    - FirebaseCore (= 8.11.0)
  - Firebase/Messaging (8.11.0):
    - Firebase/CoreOnly
    - FirebaseMessaging (~> 8.11.0)
  - FirebaseCore (8.11.0):
    - FirebaseCoreDiagnostics (~> 8.0)
    - GoogleUtilities/Environment (~> 7.7)
    - GoogleUtilities/Logger (~> 7.7)
  - FirebaseCoreDiagnostics (8.11.0):
    - GoogleDataTransport (~> 9.1)
    - GoogleUtilities/Environment (~> 7.7)
    - GoogleUtilities/Logger (~> 7.7)
    - nanopb (~> 2.30908.0)
  - FirebaseInstallations (8.11.0):
    - FirebaseCore (~> 8.0)
    - GoogleUtilities/Environment (~> 7.7)
    - GoogleUtilities/UserDefaults (~> 7.7)
    - PromisesObjC (< 3.0, >= 1.2)
  - FirebaseMessaging (8.11.0):
    - FirebaseCore (~> 8.0)
    - FirebaseInstallations (~> 8.0)
    - GoogleDataTransport (~> 9.1)
    - GoogleUtilities/AppDelegateSwizzler (~> 7.7)
    - GoogleUtilities/Environment (~> 7.7)
    - GoogleUtilities/Reachability (~> 7.7)
    - GoogleUtilities/UserDefaults (~> 7.7)
    - nanopb (~> 2.30908.0)
  - fmt (6.2.1)
  - glog (0.3.5)
  - GoogleDataTransport (9.1.2):
    - GoogleUtilities/Environment (~> 7.2)
    - nanopb (~> 2.30908.0)
    - PromisesObjC (< 3.0, >= 1.2)
  - GoogleUtilities/AppDelegateSwizzler (7.7.0):
    - GoogleUtilities/Environment
    - GoogleUtilities/Logger
    - GoogleUtilities/Network
  - GoogleUtilities/Environment (7.7.0):
    - PromisesObjC (< 3.0, >= 1.2)
  - GoogleUtilities/Logger (7.7.0):
    - GoogleUtilities/Environment
  - GoogleUtilities/Network (7.7.0):
    - GoogleUtilities/Logger
    - "GoogleUtilities/NSData+zlib"
    - GoogleUtilities/Reachability
  - "GoogleUtilities/NSData+zlib (7.7.0)"
  - GoogleUtilities/Reachability (7.7.0):
    - GoogleUtilities/Logger
  - GoogleUtilities/UserDefaults (7.7.0):
    - GoogleUtilities/Logger
  - MMKV (1.2.10):
    - MMKVCore (~> 1.2.10)
  - MMKVCore (1.2.10)
  - nanopb (2.30908.0):
    - nanopb/decode (= 2.30908.0)
    - nanopb/encode (= 2.30908.0)
  - nanopb/decode (2.30908.0)
  - nanopb/encode (2.30908.0)
  - Permission-Camera (3.2.0):
    - RNPermissions
  - PromisesObjC (2.0.0)
  - RCT-Folly (2021.06.28.00-v2):
    - boost
    - DoubleConversion
    - fmt (~> 6.2.1)
    - glog
    - RCT-Folly/Default (= 2021.06.28.00-v2)
  - RCT-Folly/Default (2021.06.28.00-v2):
    - boost
    - DoubleConversion
    - fmt (~> 6.2.1)
    - glog
  - RCTRequired (0.67.3)
  - RCTTypeSafety (0.67.3):
    - FBLazyVector (= 0.67.3)
    - RCT-Folly (= 2021.06.28.00-v2)
    - RCTRequired (= 0.67.3)
    - React-Core (= 0.67.3)
  - React (0.67.3):
    - React-Core (= 0.67.3)
    - React-Core/DevSupport (= 0.67.3)
    - React-Core/RCTWebSocket (= 0.67.3)
    - React-RCTActionSheet (= 0.67.3)
    - React-RCTAnimation (= 0.67.3)
    - React-RCTBlob (= 0.67.3)
    - React-RCTImage (= 0.67.3)
    - React-RCTLinking (= 0.67.3)
    - React-RCTNetwork (= 0.67.3)
    - React-RCTSettings (= 0.67.3)
    - React-RCTText (= 0.67.3)
    - React-RCTVibration (= 0.67.3)
  - React-callinvoker (0.67.3)
  - React-Core (0.67.3):
    - glog
    - RCT-Folly (= 2021.06.28.00-v2)
    - React-Core/Default (= 0.67.3)
    - React-cxxreact (= 0.67.3)
    - React-jsi (= 0.67.3)
    - React-jsiexecutor (= 0.67.3)
    - React-perflogger (= 0.67.3)
    - Yoga
  - React-Core/CoreModulesHeaders (0.67.3):
    - glog
    - RCT-Folly (= 2021.06.28.00-v2)
    - React-Core/Default
    - React-cxxreact (= 0.67.3)
    - React-jsi (= 0.67.3)
    - React-jsiexecutor (= 0.67.3)
    - React-perflogger (= 0.67.3)
    - Yoga
  - React-Core/Default (0.67.3):
    - glog
    - RCT-Folly (= 2021.06.28.00-v2)
    - React-cxxreact (= 0.67.3)
    - React-jsi (= 0.67.3)
    - React-jsiexecutor (= 0.67.3)
    - React-perflogger (= 0.67.3)
    - Yoga
  - React-Core/DevSupport (0.67.3):
    - glog
    - RCT-Folly (= 2021.06.28.00-v2)
    - React-Core/Default (= 0.67.3)
    - React-Core/RCTWebSocket (= 0.67.3)
    - React-cxxreact (= 0.67.3)
    - React-jsi (= 0.67.3)
    - React-jsiexecutor (= 0.67.3)
    - React-jsinspector (= 0.67.3)
    - React-perflogger (= 0.67.3)
    - Yoga
  - React-Core/RCTActionSheetHeaders (0.67.3):
    - glog
    - RCT-Folly (= 2021.06.28.00-v2)
    - React-Core/Default
    - React-cxxreact (= 0.67.3)
    - React-jsi (= 0.67.3)
    - React-jsiexecutor (= 0.67.3)
    - React-perflogger (= 0.67.3)
    - Yoga
  - React-Core/RCTAnimationHeaders (0.67.3):
    - glog
    - RCT-Folly (= 2021.06.28.00-v2)
    - React-Core/Default
    - React-cxxreact (= 0.67.3)
    - React-jsi (= 0.67.3)
    - React-jsiexecutor (= 0.67.3)
    - React-perflogger (= 0.67.3)
    - Yoga
  - React-Core/RCTBlobHeaders (0.67.3):
    - glog
    - RCT-Folly (= 2021.06.28.00-v2)
    - React-Core/Default
    - React-cxxreact (= 0.67.3)
    - React-jsi (= 0.67.3)
    - React-jsiexecutor (= 0.67.3)
    - React-perflogger (= 0.67.3)
    - Yoga
  - React-Core/RCTImageHeaders (0.67.3):
    - glog
    - RCT-Folly (= 2021.06.28.00-v2)
    - React-Core/Default
    - React-cxxreact (= 0.67.3)
    - React-jsi (= 0.67.3)
    - React-jsiexecutor (= 0.67.3)
    - React-perflogger (= 0.67.3)
    - Yoga
  - React-Core/RCTLinkingHeaders (0.67.3):
    - glog
    - RCT-Folly (= 2021.06.28.00-v2)
    - React-Core/Default
    - React-cxxreact (= 0.67.3)
    - React-jsi (= 0.67.3)
    - React-jsiexecutor (= 0.67.3)
    - React-perflogger (= 0.67.3)
    - Yoga
  - React-Core/RCTNetworkHeaders (0.67.3):
    - glog
    - RCT-Folly (= 2021.06.28.00-v2)
    - React-Core/Default
    - React-cxxreact (= 0.67.3)
    - React-jsi (= 0.67.3)
    - React-jsiexecutor (= 0.67.3)
    - React-perflogger (= 0.67.3)
    - Yoga
  - React-Core/RCTSettingsHeaders (0.67.3):
    - glog
    - RCT-Folly (= 2021.06.28.00-v2)
    - React-Core/Default
    - React-cxxreact (= 0.67.3)
    - React-jsi (= 0.67.3)
    - React-jsiexecutor (= 0.67.3)
    - React-perflogger (= 0.67.3)
    - Yoga
  - React-Core/RCTTextHeaders (0.67.3):
    - glog
    - RCT-Folly (= 2021.06.28.00-v2)
    - React-Core/Default
    - React-cxxreact (= 0.67.3)
    - React-jsi (= 0.67.3)
    - React-jsiexecutor (= 0.67.3)
    - React-perflogger (= 0.67.3)
    - Yoga
  - React-Core/RCTVibrationHeaders (0.67.3):
    - glog
    - RCT-Folly (= 2021.06.28.00-v2)
    - React-Core/Default
    - React-cxxreact (= 0.67.3)
    - React-jsi (= 0.67.3)
    - React-jsiexecutor (= 0.67.3)
    - React-perflogger (= 0.67.3)
    - Yoga
  - React-Core/RCTWebSocket (0.67.3):
    - glog
    - RCT-Folly (= 2021.06.28.00-v2)
    - React-Core/Default (= 0.67.3)
    - React-cxxreact (= 0.67.3)
    - React-jsi (= 0.67.3)
    - React-jsiexecutor (= 0.67.3)
    - React-perflogger (= 0.67.3)
    - Yoga
  - React-CoreModules (0.67.3):
    - FBReactNativeSpec (= 0.67.3)
    - RCT-Folly (= 2021.06.28.00-v2)
    - RCTTypeSafety (= 0.67.3)
    - React-Core/CoreModulesHeaders (= 0.67.3)
    - React-jsi (= 0.67.3)
    - React-RCTImage (= 0.67.3)
    - ReactCommon/turbomodule/core (= 0.67.3)
  - React-cxxreact (0.67.3):
    - boost (= 1.76.0)
    - DoubleConversion
    - glog
    - RCT-Folly (= 2021.06.28.00-v2)
    - React-callinvoker (= 0.67.3)
    - React-jsi (= 0.67.3)
    - React-jsinspector (= 0.67.3)
    - React-logger (= 0.67.3)
    - React-perflogger (= 0.67.3)
    - React-runtimeexecutor (= 0.67.3)
  - React-jsi (0.67.3):
    - boost (= 1.76.0)
    - DoubleConversion
    - glog
    - RCT-Folly (= 2021.06.28.00-v2)
    - React-jsi/Default (= 0.67.3)
  - React-jsi/Default (0.67.3):
    - boost (= 1.76.0)
    - DoubleConversion
    - glog
    - RCT-Folly (= 2021.06.28.00-v2)
  - React-jsiexecutor (0.67.3):
    - DoubleConversion
    - glog
    - RCT-Folly (= 2021.06.28.00-v2)
    - React-cxxreact (= 0.67.3)
    - React-jsi (= 0.67.3)
    - React-perflogger (= 0.67.3)
  - React-jsinspector (0.67.3)
  - React-logger (0.67.3):
    - glog
  - react-native-aes (2.0.0):
    - React-Core
  - react-native-camera (4.2.1):
    - React-Core
    - react-native-camera/RCT (= 4.2.1)
    - react-native-camera/RN (= 4.2.1)
  - react-native-camera/RCT (4.2.1):
    - React-Core
  - react-native-camera/RN (4.2.1):
    - React-Core
  - react-native-document-picker (8.0.0):
    - React-Core
  - react-native-in-app-message (1.0.33):
    - React
  - react-native-mmkv (2.0.0):
    - MMKV
    - React-Core
  - react-native-pager-view (5.4.11):
    - React-Core
  - react-native-randombytes (3.6.1):
    - React-Core
  - react-native-safe-area-context (3.4.1):
    - React-Core
  - react-native-sensitive-info (5.5.8):
    - React
  - react-native-splash-screen (3.3.0):
    - React-Core
  - react-native-substrate-sign (1.1.1):
    - React
  - react-native-webview (11.17.2):
    - React-Core
  - React-perflogger (0.67.3)
  - React-RCTActionSheet (0.67.3):
    - React-Core/RCTActionSheetHeaders (= 0.67.3)
  - React-RCTAnimation (0.67.3):
    - FBReactNativeSpec (= 0.67.3)
    - RCT-Folly (= 2021.06.28.00-v2)
    - RCTTypeSafety (= 0.67.3)
    - React-Core/RCTAnimationHeaders (= 0.67.3)
    - React-jsi (= 0.67.3)
    - ReactCommon/turbomodule/core (= 0.67.3)
  - React-RCTBlob (0.67.3):
    - FBReactNativeSpec (= 0.67.3)
    - RCT-Folly (= 2021.06.28.00-v2)
    - React-Core/RCTBlobHeaders (= 0.67.3)
    - React-Core/RCTWebSocket (= 0.67.3)
    - React-jsi (= 0.67.3)
    - React-RCTNetwork (= 0.67.3)
    - ReactCommon/turbomodule/core (= 0.67.3)
  - React-RCTImage (0.67.3):
    - FBReactNativeSpec (= 0.67.3)
    - RCT-Folly (= 2021.06.28.00-v2)
    - RCTTypeSafety (= 0.67.3)
    - React-Core/RCTImageHeaders (= 0.67.3)
    - React-jsi (= 0.67.3)
    - React-RCTNetwork (= 0.67.3)
    - ReactCommon/turbomodule/core (= 0.67.3)
  - React-RCTLinking (0.67.3):
    - FBReactNativeSpec (= 0.67.3)
    - React-Core/RCTLinkingHeaders (= 0.67.3)
    - React-jsi (= 0.67.3)
    - ReactCommon/turbomodule/core (= 0.67.3)
  - React-RCTNetwork (0.67.3):
    - FBReactNativeSpec (= 0.67.3)
    - RCT-Folly (= 2021.06.28.00-v2)
    - RCTTypeSafety (= 0.67.3)
    - React-Core/RCTNetworkHeaders (= 0.67.3)
    - React-jsi (= 0.67.3)
    - ReactCommon/turbomodule/core (= 0.67.3)
  - React-RCTSettings (0.67.3):
    - FBReactNativeSpec (= 0.67.3)
    - RCT-Folly (= 2021.06.28.00-v2)
    - RCTTypeSafety (= 0.67.3)
    - React-Core/RCTSettingsHeaders (= 0.67.3)
    - React-jsi (= 0.67.3)
    - ReactCommon/turbomodule/core (= 0.67.3)
  - React-RCTText (0.67.3):
    - React-Core/RCTTextHeaders (= 0.67.3)
  - React-RCTVibration (0.67.3):
    - FBReactNativeSpec (= 0.67.3)
    - RCT-Folly (= 2021.06.28.00-v2)
    - React-Core/RCTVibrationHeaders (= 0.67.3)
    - React-jsi (= 0.67.3)
    - ReactCommon/turbomodule/core (= 0.67.3)
  - React-runtimeexecutor (0.67.3):
    - React-jsi (= 0.67.3)
  - ReactCommon/turbomodule/core (0.67.3):
    - DoubleConversion
    - glog
    - RCT-Folly (= 2021.06.28.00-v2)
    - React-callinvoker (= 0.67.3)
    - React-Core (= 0.67.3)
    - React-cxxreact (= 0.67.3)
    - React-jsi (= 0.67.3)
    - React-logger (= 0.67.3)
    - React-perflogger (= 0.67.3)
  - RNCAsyncStorage (1.12.1):
    - React-Core
  - RNCClipboard (1.5.1):
    - React-Core
  - RNCMaskedView (0.1.11):
    - React
  - RNDeviceInfo (8.4.9):
    - React-Core
  - RNFBApp (14.2.3):
    - Firebase/CoreOnly (= 8.11.0)
    - React-Core
  - RNFBMessaging (14.2.3):
    - Firebase/Messaging (= 8.11.0)
    - React-Core
    - RNFBApp
  - RNFS (2.18.0):
    - React
  - RNGestureHandler (2.2.0):
    - React-Core
  - RNKeychain (8.0.0):
    - React-Core
  - RNPermissions (3.2.0):
    - React-Core
  - RNReactNativeHapticFeedback (1.13.0):
    - React-Core
  - RNReanimated (2.3.1):
    - DoubleConversion
    - FBLazyVector
    - FBReactNativeSpec
    - glog
    - RCT-Folly
    - RCTRequired
    - RCTTypeSafety
    - React
    - React-callinvoker
    - React-Core
    - React-Core/DevSupport
    - React-Core/RCTWebSocket
    - React-CoreModules
    - React-cxxreact
    - React-jsi
    - React-jsiexecutor
    - React-jsinspector
    - React-RCTActionSheet
    - React-RCTAnimation
    - React-RCTBlob
    - React-RCTImage
    - React-RCTLinking
    - React-RCTNetwork
    - React-RCTSettings
    - React-RCTText
    - ReactCommon/turbomodule/core
    - Yoga
  - RNScreens (3.10.1):
    - React-Core
    - React-RCTImage
  - RNSentry (3.2.13):
    - React-Core
    - Sentry (= 7.9.0)
  - RNShare (7.3.6):
    - React-Core
  - RNSVG (12.2.0):
    - React-Core
  - RNVectorIcons (9.0.0):
    - React-Core
  - Sentry (7.9.0):
    - Sentry/Core (= 7.9.0)
  - Sentry/Core (7.9.0)
  - Yoga (1.14.0)

DEPENDENCIES:
  - boost (from `../node_modules/react-native/third-party-podspecs/boost.podspec`)
  - BVLinearGradient (from `../node_modules/react-native-linear-gradient`)
  - DoubleConversion (from `../node_modules/react-native/third-party-podspecs/DoubleConversion.podspec`)
  - FBLazyVector (from `../node_modules/react-native/Libraries/FBLazyVector`)
  - FBReactNativeSpec (from `../node_modules/react-native/React/FBReactNativeSpec`)
  - glog (from `../node_modules/react-native/third-party-podspecs/glog.podspec`)
  - Permission-Camera (from `../node_modules/react-native-permissions/ios/Camera/Permission-Camera.podspec`)
  - RCT-Folly (from `../node_modules/react-native/third-party-podspecs/RCT-Folly.podspec`)
  - RCTRequired (from `../node_modules/react-native/Libraries/RCTRequired`)
  - RCTTypeSafety (from `../node_modules/react-native/Libraries/TypeSafety`)
  - React (from `../node_modules/react-native/`)
  - React-callinvoker (from `../node_modules/react-native/ReactCommon/callinvoker`)
  - React-Core (from `../node_modules/react-native/`)
  - React-Core/DevSupport (from `../node_modules/react-native/`)
  - React-Core/RCTWebSocket (from `../node_modules/react-native/`)
  - React-CoreModules (from `../node_modules/react-native/React/CoreModules`)
  - React-cxxreact (from `../node_modules/react-native/ReactCommon/cxxreact`)
  - React-jsi (from `../node_modules/react-native/ReactCommon/jsi`)
  - React-jsiexecutor (from `../node_modules/react-native/ReactCommon/jsiexecutor`)
  - React-jsinspector (from `../node_modules/react-native/ReactCommon/jsinspector`)
  - React-logger (from `../node_modules/react-native/ReactCommon/logger`)
  - react-native-aes (from `../node_modules/react-native-aes-crypto`)
  - react-native-camera (from `../node_modules/react-native-camera`)
  - react-native-document-picker (from `../node_modules/react-native-document-picker`)
  - react-native-in-app-message (from `../node_modules/react-native-in-app-message`)
  - react-native-mmkv (from `../node_modules/react-native-mmkv`)
  - react-native-pager-view (from `../node_modules/react-native-pager-view`)
  - react-native-randombytes (from `../node_modules/react-native-randombytes`)
  - react-native-safe-area-context (from `../node_modules/react-native-safe-area-context`)
  - react-native-sensitive-info (from `../node_modules/react-native-sensitive-info`)
  - react-native-splash-screen (from `../node_modules/react-native-splash-screen`)
  - react-native-substrate-sign (from `../node_modules/react-native-substrate-sign`)
  - react-native-webview (from `../node_modules/react-native-webview`)
  - React-perflogger (from `../node_modules/react-native/ReactCommon/reactperflogger`)
  - React-RCTActionSheet (from `../node_modules/react-native/Libraries/ActionSheetIOS`)
  - React-RCTAnimation (from `../node_modules/react-native/Libraries/NativeAnimation`)
  - React-RCTBlob (from `../node_modules/react-native/Libraries/Blob`)
  - React-RCTImage (from `../node_modules/react-native/Libraries/Image`)
  - React-RCTLinking (from `../node_modules/react-native/Libraries/LinkingIOS`)
  - React-RCTNetwork (from `../node_modules/react-native/Libraries/Network`)
  - React-RCTSettings (from `../node_modules/react-native/Libraries/Settings`)
  - React-RCTText (from `../node_modules/react-native/Libraries/Text`)
  - React-RCTVibration (from `../node_modules/react-native/Libraries/Vibration`)
  - React-runtimeexecutor (from `../node_modules/react-native/ReactCommon/runtimeexecutor`)
  - ReactCommon/turbomodule/core (from `../node_modules/react-native/ReactCommon`)
  - "RNCAsyncStorage (from `../node_modules/@react-native-community/async-storage`)"
  - "RNCClipboard (from `../node_modules/@react-native-community/clipboard`)"
  - "RNCMaskedView (from `../node_modules/@react-native-community/masked-view`)"
  - RNDeviceInfo (from `../node_modules/react-native-device-info`)
  - "RNFBApp (from `../node_modules/@react-native-firebase/app`)"
  - "RNFBMessaging (from `../node_modules/@react-native-firebase/messaging`)"
  - RNFS (from `../node_modules/react-native-fs`)
  - RNGestureHandler (from `../node_modules/react-native-gesture-handler`)
  - RNKeychain (from `../node_modules/react-native-keychain`)
  - RNPermissions (from `../node_modules/react-native-permissions`)
  - RNReactNativeHapticFeedback (from `../node_modules/react-native-haptic-feedback`)
  - RNReanimated (from `../node_modules/react-native-reanimated`)
  - RNScreens (from `../node_modules/react-native-screens`)
  - "RNSentry (from `../node_modules/@sentry/react-native`)"
  - RNShare (from `../node_modules/react-native-share`)
  - RNSVG (from `../node_modules/react-native-svg`)
  - RNVectorIcons (from `../node_modules/react-native-vector-icons`)
  - Yoga (from `../node_modules/react-native/ReactCommon/yoga`)

SPEC REPOS:
  trunk:
    - Firebase
    - FirebaseCore
    - FirebaseCoreDiagnostics
    - FirebaseInstallations
    - FirebaseMessaging
    - fmt
    - GoogleDataTransport
    - GoogleUtilities
    - MMKV
    - MMKVCore
    - nanopb
    - PromisesObjC
    - Sentry

EXTERNAL SOURCES:
  boost:
    :podspec: "../node_modules/react-native/third-party-podspecs/boost.podspec"
  BVLinearGradient:
    :path: "../node_modules/react-native-linear-gradient"
  DoubleConversion:
    :podspec: "../node_modules/react-native/third-party-podspecs/DoubleConversion.podspec"
  FBLazyVector:
    :path: "../node_modules/react-native/Libraries/FBLazyVector"
  FBReactNativeSpec:
    :path: "../node_modules/react-native/React/FBReactNativeSpec"
  glog:
    :podspec: "../node_modules/react-native/third-party-podspecs/glog.podspec"
  Permission-Camera:
    :path: "../node_modules/react-native-permissions/ios/Camera/Permission-Camera.podspec"
  RCT-Folly:
    :podspec: "../node_modules/react-native/third-party-podspecs/RCT-Folly.podspec"
  RCTRequired:
    :path: "../node_modules/react-native/Libraries/RCTRequired"
  RCTTypeSafety:
    :path: "../node_modules/react-native/Libraries/TypeSafety"
  React:
    :path: "../node_modules/react-native/"
  React-callinvoker:
    :path: "../node_modules/react-native/ReactCommon/callinvoker"
  React-Core:
    :path: "../node_modules/react-native/"
  React-CoreModules:
    :path: "../node_modules/react-native/React/CoreModules"
  React-cxxreact:
    :path: "../node_modules/react-native/ReactCommon/cxxreact"
  React-jsi:
    :path: "../node_modules/react-native/ReactCommon/jsi"
  React-jsiexecutor:
    :path: "../node_modules/react-native/ReactCommon/jsiexecutor"
  React-jsinspector:
    :path: "../node_modules/react-native/ReactCommon/jsinspector"
  React-logger:
    :path: "../node_modules/react-native/ReactCommon/logger"
  react-native-aes:
    :path: "../node_modules/react-native-aes-crypto"
  react-native-camera:
    :path: "../node_modules/react-native-camera"
  react-native-document-picker:
    :path: "../node_modules/react-native-document-picker"
  react-native-in-app-message:
    :path: "../node_modules/react-native-in-app-message"
  react-native-mmkv:
    :path: "../node_modules/react-native-mmkv"
  react-native-pager-view:
    :path: "../node_modules/react-native-pager-view"
  react-native-randombytes:
    :path: "../node_modules/react-native-randombytes"
  react-native-safe-area-context:
    :path: "../node_modules/react-native-safe-area-context"
  react-native-sensitive-info:
    :path: "../node_modules/react-native-sensitive-info"
  react-native-splash-screen:
    :path: "../node_modules/react-native-splash-screen"
  react-native-substrate-sign:
    :path: "../node_modules/react-native-substrate-sign"
  react-native-webview:
    :path: "../node_modules/react-native-webview"
  React-perflogger:
    :path: "../node_modules/react-native/ReactCommon/reactperflogger"
  React-RCTActionSheet:
    :path: "../node_modules/react-native/Libraries/ActionSheetIOS"
  React-RCTAnimation:
    :path: "../node_modules/react-native/Libraries/NativeAnimation"
  React-RCTBlob:
    :path: "../node_modules/react-native/Libraries/Blob"
  React-RCTImage:
    :path: "../node_modules/react-native/Libraries/Image"
  React-RCTLinking:
    :path: "../node_modules/react-native/Libraries/LinkingIOS"
  React-RCTNetwork:
    :path: "../node_modules/react-native/Libraries/Network"
  React-RCTSettings:
    :path: "../node_modules/react-native/Libraries/Settings"
  React-RCTText:
    :path: "../node_modules/react-native/Libraries/Text"
  React-RCTVibration:
    :path: "../node_modules/react-native/Libraries/Vibration"
  React-runtimeexecutor:
    :path: "../node_modules/react-native/ReactCommon/runtimeexecutor"
  ReactCommon:
    :path: "../node_modules/react-native/ReactCommon"
  RNCAsyncStorage:
    :path: "../node_modules/@react-native-community/async-storage"
  RNCClipboard:
    :path: "../node_modules/@react-native-community/clipboard"
  RNCMaskedView:
    :path: "../node_modules/@react-native-community/masked-view"
  RNDeviceInfo:
    :path: "../node_modules/react-native-device-info"
  RNFBApp:
    :path: "../node_modules/@react-native-firebase/app"
  RNFBMessaging:
    :path: "../node_modules/@react-native-firebase/messaging"
  RNFS:
    :path: "../node_modules/react-native-fs"
  RNGestureHandler:
    :path: "../node_modules/react-native-gesture-handler"
  RNKeychain:
    :path: "../node_modules/react-native-keychain"
  RNPermissions:
    :path: "../node_modules/react-native-permissions"
  RNReactNativeHapticFeedback:
    :path: "../node_modules/react-native-haptic-feedback"
  RNReanimated:
    :path: "../node_modules/react-native-reanimated"
  RNScreens:
    :path: "../node_modules/react-native-screens"
  RNSentry:
    :path: "../node_modules/@sentry/react-native"
  RNShare:
    :path: "../node_modules/react-native-share"
  RNSVG:
    :path: "../node_modules/react-native-svg"
  RNVectorIcons:
    :path: "../node_modules/react-native-vector-icons"
  Yoga:
    :path: "../node_modules/react-native/ReactCommon/yoga"

SPEC CHECKSUMS:
  boost: a7c83b31436843459a1961bfd74b96033dc77234
  BVLinearGradient: e3aad03778a456d77928f594a649e96995f1c872
  DoubleConversion: cf9b38bf0b2d048436d9a82ad2abe1404f11e7de
  FBLazyVector: 808f741ddb0896a20e5b98cc665f5b3413b072e2
  FBReactNativeSpec: 94473205b8741b61402e8c51716dea34aa3f5b2f
  Firebase: 44dd9724c84df18b486639e874f31436eaa9a20c
  FirebaseCore: 2f4f85b453cc8fea4bb2b37e370007d2bcafe3f0
  FirebaseCoreDiagnostics: 64d9709d804a6c25bd77841371c1fcfd909d5601
  FirebaseInstallations: 044eede8a049bce71c4541ee68d6e4364fcbe774
  FirebaseMessaging: 02e248e8997f71fa8cc9d78e9d49ec1a701ba14a
  fmt: ff9d55029c625d3757ed641535fd4a75fedc7ce9
  glog: 73c2498ac6884b13ede40eda8228cb1eee9d9d62
  GoogleDataTransport: 629c20a4d363167143f30ea78320d5a7eb8bd940
  GoogleUtilities: e0913149f6b0625b553d70dae12b49fc62914fd1
  MMKV: 76033b9ace2006623308910a3afcc0e25eba3140
  MMKVCore: b00e7a09ec77a1b916aef336eedd3b99ec249978
  nanopb: a0ba3315591a9ae0a16a309ee504766e90db0c96
  Permission-Camera: 53efcbb755b0e8bdf253dbb27cc7559ccfce8480
  PromisesObjC: 68159ce6952d93e17b2dfe273b8c40907db5ba58
  RCT-Folly: a21c126816d8025b547704b777a2ba552f3d9fa9
  RCTRequired: 3c77b683474faf23920fbefc71c4e13af21470c0
  RCTTypeSafety: 720b1841260dac692444c2822b27403178da8b28
  React: 25970dd74abbdac449ca66dec4107652cacc606d
  React-callinvoker: 2d158700bc27b3d49c3c95721d288ed6c1a489ef
  React-Core: 306cfdc1393bcf9481cc5de9807608db7661817b
  React-CoreModules: 2576a88d630899f3fcdf2cb79fcc0454d7b2a8bb
  React-cxxreact: a492f0de07d875419dcb9f463c63c22fe51c433b
  React-jsi: bca092b0c38d5e3fd60bb491d4994ab4a8ac2ad3
  React-jsiexecutor: 15ea57ead631a11fad57634ff69f78e797113a39
  React-jsinspector: 1e1e03345cf6d47779e2061d679d0a87d9ae73d8
  React-logger: 1e10789cb84f99288479ba5f20822ce43ced6ffe
  react-native-aes: c75c46aa744bef7c2415fdf7f5b2dcb75ca4364d
  react-native-camera: 3eae183c1d111103963f3dd913b65d01aef8110f
  react-native-document-picker: 429972f7ece4463aa5bcdd789622b3a674a3c5d1
  react-native-in-app-message: 00952df970f85d162b9100f6b767ae37c6520dda
  react-native-mmkv: 0eda0c2a8af66073f5e7067558189bb920867aee
  react-native-pager-view: 7f00d63688f7df9fad86dfb0154814419cc5eb8d
  react-native-randombytes: 421f1c7d48c0af8dbcd471b0324393ebf8fe7846
  react-native-safe-area-context: 9e40fb181dac02619414ba1294d6c2a807056ab9
  react-native-sensitive-info: 400c6e3d27945e15c8cddb5b4b92233c85ee06f8
  react-native-splash-screen: 4312f786b13a81b5169ef346d76d33bc0c6dc457
  react-native-substrate-sign: 77515bc7fe68e2f8bd23f1aba8ecc40ef27bb50e
  react-native-webview: 380c1a03ec94b7ed764dac8db1e7c9952d08c93a
  React-perflogger: 93d3f142d6d9a46e635f09ba0518027215a41098
  React-RCTActionSheet: 87327c3722203cc79cf79d02fb83e7332aeedd18
  React-RCTAnimation: 009c87c018d50e0b38692699405ebe631ff4872d
  React-RCTBlob: 9e30308cc1b127af11c8f858514d2d8638ce36d7
  React-RCTImage: b9460cb8e3acc51410735a234a9dffbf4964f540
  React-RCTLinking: 73ecf0b87b515383a08ebbf07f558c48de1f0027
  React-RCTNetwork: 8f63119f2da99a94515ad0e0d0a13f9b3f6fe89d
  React-RCTSettings: b827282b1ac2bd98515c0c09f5cbc5062ebd83b0
  React-RCTText: 6d09140f514e1f60aff255e0acdf16e3b486ba4c
  React-RCTVibration: d0361f15ea978958fab7ffb6960f475b5063d83f
  React-runtimeexecutor: af1946623656f9c5fd64ca6f36f3863516193446
  ReactCommon: 650e33cde4fb7d36781cd3143f5276da0abb2f96
  RNCAsyncStorage: b03032fdbdb725bea0bd9e5ec5a7272865ae7398
  RNCClipboard: 41d8d918092ae8e676f18adada19104fa3e68495
  RNCMaskedView: 0e1bc4bfa8365eba5fbbb71e07fbdc0555249489
  RNDeviceInfo: 4944cf8787b9c5bffaf301fda68cc1a2ec003341
  RNFBApp: 0d0ffe0e3aacdf9fcad35f90b79bd8a3d3a99844
  RNFBMessaging: 2a9dffb32f76274f86123644c62902e9ddc2a9ec
  RNFS: 3ab21fa6c56d65566d1fb26c2228e2b6132e5e32
  RNGestureHandler: bf572f552ea324acd5b5464b8d30755b2d8c1de6
  RNKeychain: 4f63aada75ebafd26f4bc2c670199461eab85d94
  RNPermissions: f7ebe52db07c00901127966ca080b4ec6a6ceb0a
  RNReactNativeHapticFeedback: b83bfb4b537bdd78eb4f6ffe63c6884f7b049ead
  RNReanimated: 1326679461fa5d2399d54c18ca1432ba3e816b9e
  RNScreens: 522705f2e5c9d27efb17f24aceb2bf8335bc7b8e
  RNSentry: 0aa1567f66c20390f3834637fc4f73380dcd0774
  RNShare: b955e66f1af2849711f13c193debda72b94f8aa0
  RNSVG: 4ecc2e8f38b6ebe7889909570c26f3abe8059767
  RNVectorIcons: 4143ba35feebab8fdbe6bc43d1e776b393d47ac8
  Sentry: 2f7e91f247cfb05b05bd01e0b5d0692557a7687b
  Yoga: 90dcd029e45d8a7c1ff059e8b3c6612ff409061a

PODFILE CHECKSUM: 781d6e6c4ac4738cae79d8a470f8447d84257500

COCOAPODS: 1.11.2
